
Microsoft Visual Studio Solution File, Format Version 12.00
# Visual Studio Version 16
VisualStudioVersion = 16.0.31402.337
MinimumVisualStudioVersion = 10.0.40219.1
Project("{9A19103F-16F7-4668-BE54-9A1E7A4F7556}") = "NucleotideCount", "NucleotideCount.csproj", "{B316E6CD-10F0-41E4-BBF5-649FFB4E2F69}"
EndProject
Global
	GlobalSection(SolutionConfigurationPlatforms) = preSolution
		Debug|Any CPU = Debug|Any CPU
		Release|Any CPU = Release|Any CPU
	EndGlobalSection
	GlobalSection(ProjectConfigurationPlatforms) = postSolution
		{B316E6CD-10F0-41E4-BBF5-649FFB4E2F69}.Debug|Any CPU.ActiveCfg = Debug|Any CPU
		{B316E6CD-10F0-41E4-BBF5-649FFB4E2F69}.Debug|Any CPU.Build.0 = Debug|Any CPU
		{B316E6CD-10F0-41E4-BBF5-649FFB4E2F69}.Release|Any CPU.ActiveCfg = Release|Any CPU
		{B316E6CD-10F0-41E4-BBF5-649FFB4E2F69}.Release|Any CPU.Build.0 = Release|Any CPU
	EndGlobalSection
	GlobalSection(SolutionProperties) = preSolution
		HideSolutionNode = FALSE
	EndGlobalSection
	GlobalSection(ExtensibilityGlobals) = postSolution
		SolutionGuid = {98E670C7-489F-4293-908B-9E9C6EB44415}
	EndGlobalSection
EndGlobal
