
Microsoft Visual Studio Solution File, Format Version 12.00
# Visual Studio Version 16
VisualStudioVersion = 16.0.31402.337
MinimumVisualStudioVersion = 10.0.40219.1
Project("{9A19103F-16F7-4668-BE54-9A1E7A4F7556}") = "Hamming", "Hamming.csproj", "{9997CEF5-BEC1-484A-AAD6-91F6E7149692}"
EndProject
Global
	GlobalSection(SolutionConfigurationPlatforms) = preSolution
		Debug|Any CPU = Debug|Any CPU
		Release|Any CPU = Release|Any CPU
	EndGlobalSection
	GlobalSection(ProjectConfigurationPlatforms) = postSolution
		{9997CEF5-BEC1-484A-AAD6-91F6E7149692}.Debug|Any CPU.ActiveCfg = Debug|Any CPU
		{9997CEF5-BEC1-484A-AAD6-91F6E7149692}.Debug|Any CPU.Build.0 = Debug|Any CPU
		{9997CEF5-BEC1-484A-AAD6-91F6E7149692}.Release|Any CPU.ActiveCfg = Release|Any CPU
		{9997CEF5-BEC1-484A-AAD6-91F6E7149692}.Release|Any CPU.Build.0 = Release|Any CPU
	EndGlobalSection
	GlobalSection(SolutionProperties) = preSolution
		HideSolutionNode = FALSE
	EndGlobalSection
	GlobalSection(ExtensibilityGlobals) = postSolution
		SolutionGuid = {7C02430B-C9EA-449D-94F4-69F5364A8B22}
	EndGlobalSection
EndGlobal
