
Microsoft Visual Studio Solution File, Format Version 12.00
# Visual Studio Version 16
VisualStudioVersion = 16.0.31402.337
MinimumVisualStudioVersion = 10.0.40219.1
Project("{9A19103F-16F7-4668-BE54-9A1E7A4F7556}") = "HelloWorld", "HelloWorld.csproj", "{AB49DC5D-26D6-49F3-87BD-53868C52D0BA}"
EndProject
Global
	GlobalSection(SolutionConfigurationPlatforms) = preSolution
		Debug|Any CPU = Debug|Any CPU
		Release|Any CPU = Release|Any CPU
	EndGlobalSection
	GlobalSection(ProjectConfigurationPlatforms) = postSolution
		{AB49DC5D-26D6-49F3-87BD-53868C52D0BA}.Debug|Any CPU.ActiveCfg = Debug|Any CPU
		{AB49DC5D-26D6-49F3-87BD-53868C52D0BA}.Debug|Any CPU.Build.0 = Debug|Any CPU
		{AB49DC5D-26D6-49F3-87BD-53868C52D0BA}.Release|Any CPU.ActiveCfg = Release|Any CPU
		{AB49DC5D-26D6-49F3-87BD-53868C52D0BA}.Release|Any CPU.Build.0 = Release|Any CPU
	EndGlobalSection
	GlobalSection(SolutionProperties) = preSolution
		HideSolutionNode = FALSE
	EndGlobalSection
	GlobalSection(ExtensibilityGlobals) = postSolution
		SolutionGuid = {230FF30D-5281-4840-B2D7-E6266827647F}
	EndGlobalSection
EndGlobal
